// !$*UTF8*$!
{
	archiveVersion = 1;
	classes = {
	};
	objectVersion = 55;
	objects = {

/* Begin PBXBuildFile section */
		5F1354C92E93ECC100A5D14D /* AppEntryPoint.swift in Sources */ = {isa = PBXBuildFile; fileRef = 5F1354C82E93ECC100A5D14D /* AppEntryPoint.swift */; };
		5F1354CA2E93ECC100A5D14D /* StartupGate.swift in Sources */ = {isa = PBXBuildFile; fileRef = 5F1354C72E93ECC100A5D14D /* StartupGate.swift */; };
		5F1354CC2E93ECC900A5D14D /* AppDelegate.swift in Sources */ = {isa = PBXBuildFile; fileRef = 5F1354CB2E93ECC900A5D14D /* AppDelegate.swift */; };
		5F1354D52E93ECE600A5D14D /* index.html in Resources */ = {isa = PBXBuildFile; fileRef = 5F1354CD2E93ECE600A5D14D /* index.html */; };
		5F1354D62E93ECE600A5D14D /* UserAgentBuilder.swift in Sources */ = {isa = PBXBuildFile; fileRef = 5F1354CE2E93ECE600A5D14D /* UserAgentBuilder.swift */; };
		5F1354D72E93ECE600A5D14D /* WebViewCoordinator.swift in Sources */ = {isa = PBXBuildFile; fileRef = 5F1354D02E93ECE600A5D14D /* WebViewCoordinator.swift */; };
		5F1354D82E93ECE600A5D14D /* PrivacyView.swift in Sources */ = {isa = PBXBuildFile; fileRef = 5F1354D32E93ECE600A5D14D /* PrivacyView.swift */; };
		5F1354D92E93ECE600A5D14D /* WebSheetViewController.swift in Sources */ = {isa = PBXBuildFile; fileRef = 5F1354D12E93ECE600A5D14D /* WebSheetViewController.swift */; };
		5F1354DA2E93ECE600A5D14D /* WebViewContainer.swift in Sources */ = {isa = PBXBuildFile; fileRef = 5F1354CF2E93ECE600A5D14D /* WebViewContainer.swift */; };
		5F1354DC2E93ED1D00A5D14D /* TextScreen.swift in Sources */ = {isa = PBXBuildFile; fileRef = 5F1354DB2E93ED1D00A5D14D /* TextScreen.swift */; };
		5F1354DE2E93F0C400A5D14D /* GoogleService-Info.plist in Resources */ = {isa = PBXBuildFile; fileRef = 5F1354DD2E93F0C400A5D14D /* GoogleService-Info.plist */; };
		720EBD1E2E8BD710009CE397 /* ChicknFarmBrawlApp.swift in Sources */ = {isa = PBXBuildFile; fileRef = 720EBD1C2E8BD710009CE397 /* ChicknFarmBrawlApp.swift */; };
		720EBD1F2E8BD710009CE397 /* Assets.xcassets in Resources */ = {isa = PBXBuildFile; fileRef = 720EBD1B2E8BD710009CE397 /* Assets.xcassets */; };
		720EBD262E8BD77D009CE397 /* CFHomeWebView.swift in Sources */ = {isa = PBXBuildFile; fileRef = 720EBD212E8BD77D009CE397 /* CFHomeWebView.swift */; };
		720EBD272E8BD77D009CE397 /* CFLaunchView.swift in Sources */ = {isa = PBXBuildFile; fileRef = 720EBD232E8BD77D009CE397 /* CFLaunchView.swift */; };
		720EBD2C2E8BD784009CE397 /* View+Extensions.swift in Sources */ = {isa = PBXBuildFile; fileRef = 720EBD282E8BD784009CE397 /* View+Extensions.swift */; };
		720EBD2D2E8BD784009CE397 /* Color+Extensions.swift in Sources */ = {isa = PBXBuildFile; fileRef = 720EBD292E8BD784009CE397 /* Color+Extensions.swift */; };
		720EBD2E2E8BD784009CE397 /* ShapeStyle+Extensions.swift in Sources */ = {isa = PBXBuildFile; fileRef = 720EBD2A2E8BD784009CE397 /* ShapeStyle+Extensions.swift */; };
		C9B39F8933451CA6565A8A74 /* libPods-ChicknFarmBrawl.a in Frameworks */ = {isa = PBXBuildFile; fileRef = 72C432CF0CAF6A89D54279B0 /* libPods-ChicknFarmBrawl.a */; };
/* End PBXBuildFile section */

/* Begin PBXFileReference section */
		2C2B6C095DF13B41E0DEB86B /* Pods-ChicknFarmBrawl.debug.xcconfig */ = {isa = PBXFileReference; includeInIndex = 1; lastKnownFileType = text.xcconfig; name = "Pods-ChicknFarmBrawl.debug.xcconfig"; path = "Target Support Files/Pods-ChicknFarmBrawl/Pods-ChicknFarmBrawl.debug.xcconfig"; sourceTree = "<group>"; };
		5F1354C72E93ECC100A5D14D /* StartupGate.swift */ = {isa = PBXFileReference; lastKnownFileType = sourcecode.swift; path = StartupGate.swift; sourceTree = "<group>"; };
		5F1354C82E93ECC100A5D14D /* AppEntryPoint.swift */ = {isa = PBXFileReference; lastKnownFileType = sourcecode.swift; path = AppEntryPoint.swift; sourceTree = "<group>"; };
		5F1354CB2E93ECC900A5D14D /* AppDelegate.swift */ = {isa = PBXFileReference; lastKnownFileType = sourcecode.swift; path = AppDelegate.swift; sourceTree = "<group>"; };
		5F1354CD2E93ECE600A5D14D /* index.html */ = {isa = PBXFileReference; lastKnownFileType = text.html; path = index.html; sourceTree = "<group>"; };
		5F1354CE2E93ECE600A5D14D /* UserAgentBuilder.swift */ = {isa = PBXFileReference; lastKnownFileType = sourcecode.swift; path = UserAgentBuilder.swift; sourceTree = "<group>"; };
		5F1354CF2E93ECE600A5D14D /* WebViewContainer.swift */ = {isa = PBXFileReference; lastKnownFileType = sourcecode.swift; path = WebViewContainer.swift; sourceTree = "<group>"; };
		5F1354D02E93ECE600A5D14D /* WebViewCoordinator.swift */ = {isa = PBXFileReference; lastKnownFileType = sourcecode.swift; path = WebViewCoordinator.swift; sourceTree = "<group>"; };
		5F1354D12E93ECE600A5D14D /* WebSheetViewController.swift */ = {isa = PBXFileReference; lastKnownFileType = sourcecode.swift; path = WebSheetViewController.swift; sourceTree = "<group>"; };
		5F1354D32E93ECE600A5D14D /* PrivacyView.swift */ = {isa = PBXFileReference; lastKnownFileType = sourcecode.swift; path = PrivacyView.swift; sourceTree = "<group>"; };
		5F1354DB2E93ED1D00A5D14D /* TextScreen.swift */ = {isa = PBXFileReference; lastKnownFileType = sourcecode.swift; path = TextScreen.swift; sourceTree = "<group>"; };
		5F1354DD2E93F0C400A5D14D /* GoogleService-Info.plist */ = {isa = PBXFileReference; lastKnownFileType = text.plist.xml; path = "GoogleService-Info.plist"; sourceTree = "<group>"; };
		5F1354DF2E93F21000A5D14D /* ChicknFarmBrawl.entitlements */ = {isa = PBXFileReference; lastKnownFileType = text.plist.entitlements; path = ChicknFarmBrawl.entitlements; sourceTree = "<group>"; };
		720EBD0C2E8BD6E5009CE397 /* ChicknFarmBrawl.app */ = {isa = PBXFileReference; explicitFileType = wrapper.application; includeInIndex = 0; path = ChicknFarmBrawl.app; sourceTree = BUILT_PRODUCTS_DIR; };
		720EBD1B2E8BD710009CE397 /* Assets.xcassets */ = {isa = PBXFileReference; lastKnownFileType = folder.assetcatalog; path = Assets.xcassets; sourceTree = "<group>"; };
		720EBD1C2E8BD710009CE397 /* ChicknFarmBrawlApp.swift */ = {isa = PBXFileReference; lastKnownFileType = sourcecode.swift; path = ChicknFarmBrawlApp.swift; sourceTree = "<group>"; };
		720EBD212E8BD77D009CE397 /* CFHomeWebView.swift */ = {isa = PBXFileReference; lastKnownFileType = sourcecode.swift; path = CFHomeWebView.swift; sourceTree = "<group>"; };
		720EBD232E8BD77D009CE397 /* CFLaunchView.swift */ = {isa = PBXFileReference; lastKnownFileType = sourcecode.swift; path = CFLaunchView.swift; sourceTree = "<group>"; };
		720EBD282E8BD784009CE397 /* View+Extensions.swift */ = {isa = PBXFileReference; lastKnownFileType = sourcecode.swift; path = "View+Extensions.swift"; sourceTree = "<group>"; };
		720EBD292E8BD784009CE397 /* Color+Extensions.swift */ = {isa = PBXFileReference; lastKnownFileType = sourcecode.swift; path = "Color+Extensions.swift"; sourceTree = "<group>"; };
		720EBD2A2E8BD784009CE397 /* ShapeStyle+Extensions.swift */ = {isa = PBXFileReference; lastKnownFileType = sourcecode.swift; path = "ShapeStyle+Extensions.swift"; sourceTree = "<group>"; };
		720EBD2F2E8BD78F009CE397 /* Info.plist */ = {isa = PBXFileReference; lastKnownFileType = text.plist; path = Info.plist; sourceTree = "<group>"; };
		72C432CF0CAF6A89D54279B0 /* libPods-ChicknFarmBrawl.a */ = {isa = PBXFileReference; explicitFileType = archive.ar; includeInIndex = 0; path = "libPods-ChicknFarmBrawl.a"; sourceTree = BUILT_PRODUCTS_DIR; };
		B50B49A9D17C23F5081D9ECC /* Pods-ChicknFarmBrawl.release.xcconfig */ = {isa = PBXFileReference; includeInIndex = 1; lastKnownFileType = text.xcconfig; name = "Pods-ChicknFarmBrawl.release.xcconfig"; path = "Target Support Files/Pods-ChicknFarmBrawl/Pods-ChicknFarmBrawl.release.xcconfig"; sourceTree = "<group>"; };
/* End PBXFileReference section */

/* Begin PBXFrameworksBuildPhase section */
		720EBD092E8BD6E5009CE397 /* Frameworks */ = {
			isa = PBXFrameworksBuildPhase;
			buildActionMask = 2147483647;
			files = (
				C9B39F8933451CA6565A8A74 /* libPods-ChicknFarmBrawl.a in Frameworks */,
			);
			runOnlyForDeploymentPostprocessing = 0;
		};
/* End PBXFrameworksBuildPhase section */

/* Begin PBXGroup section */
		3B8FE6A557EF4942F9216185 /* Pods */ = {
			isa = PBXGroup;
			children = (
				2C2B6C095DF13B41E0DEB86B /* Pods-ChicknFarmBrawl.debug.xcconfig */,
				B50B49A9D17C23F5081D9ECC /* Pods-ChicknFarmBrawl.release.xcconfig */,
			);
			path = Pods;
			sourceTree = "<group>";
		};
		5F1354D22E93ECE600A5D14D /* Web */ = {
			isa = PBXGroup;
			children = (
				5F1354CD2E93ECE600A5D14D /* index.html */,
				5F1354CE2E93ECE600A5D14D /* UserAgentBuilder.swift */,
				5F1354CF2E93ECE600A5D14D /* WebViewContainer.swift */,
				5F1354D02E93ECE600A5D14D /* WebViewCoordinator.swift */,
				5F1354D12E93ECE600A5D14D /* WebSheetViewController.swift */,
			);
			path = Web;
			sourceTree = "<group>";
		};
		5F1354D42E93ECE600A5D14D /* PrivacyScreen */ = {
			isa = PBXGroup;
			children = (
				5F1354D32E93ECE600A5D14D /* PrivacyView.swift */,
			);
			path = PrivacyScreen;
			sourceTree = "<group>";
		};
		720EBD032E8BD6E5009CE397 = {
			isa = PBXGroup;
			children = (
				720EBD1D2E8BD710009CE397 /* ChicknFarmBrawl */,
				720EBD0D2E8BD6E5009CE397 /* Products */,
				3B8FE6A557EF4942F9216185 /* Pods */,
				D9BBEE88B2DCC23187772068 /* Frameworks */,
			);
			sourceTree = "<group>";
		};
		720EBD0D2E8BD6E5009CE397 /* Products */ = {
			isa = PBXGroup;
			children = (
				720EBD0C2E8BD6E5009CE397 /* ChicknFarmBrawl.app */,
			);
			name = Products;
			sourceTree = "<group>";
		};
		720EBD1D2E8BD710009CE397 /* ChicknFarmBrawl */ = {
			isa = PBXGroup;
			children = (
				5F1354DF2E93F21000A5D14D /* ChicknFarmBrawl.entitlements */,
				5F1354DD2E93F0C400A5D14D /* GoogleService-Info.plist */,
				720EBD2F2E8BD78F009CE397 /* Info.plist */,
				720EBD2B2E8BD784009CE397 /* Extensions */,
				720EBD252E8BD77D009CE397 /* Screens */,
				720EBD202E8BD713009CE397 /* App */,
				720EBD1B2E8BD710009CE397 /* Assets.xcassets */,
			);
			path = ChicknFarmBrawl;
			sourceTree = "<group>";
		};
		720EBD202E8BD713009CE397 /* App */ = {
			isa = PBXGroup;
			children = (
				5F1354CB2E93ECC900A5D14D /* AppDelegate.swift */,
				5F1354C72E93ECC100A5D14D /* StartupGate.swift */,
				5F1354C82E93ECC100A5D14D /* AppEntryPoint.swift */,
				720EBD1C2E8BD710009CE397 /* ChicknFarmBrawlApp.swift */,
			);
			path = App;
			sourceTree = "<group>";
		};
		720EBD222E8BD77D009CE397 /* HomeWebScreen */ = {
			isa = PBXGroup;
			children = (
				720EBD212E8BD77D009CE397 /* CFHomeWebView.swift */,
			);
			path = HomeWebScreen;
			sourceTree = "<group>";
		};
		720EBD242E8BD77D009CE397 /* LaunchScreen */ = {
			isa = PBXGroup;
			children = (
				720EBD232E8BD77D009CE397 /* CFLaunchView.swift */,
			);
			path = LaunchScreen;
			sourceTree = "<group>";
		};
		720EBD252E8BD77D009CE397 /* Screens */ = {
			isa = PBXGroup;
			children = (
				720EBD222E8BD77D009CE397 /* HomeWebScreen */,
				720EBD242E8BD77D009CE397 /* LaunchScreen */,
				5F1354D22E93ECE600A5D14D /* Web */,
				5F1354D42E93ECE600A5D14D /* PrivacyScreen */,
			);
			path = Screens;
			sourceTree = "<group>";
		};
		720EBD2B2E8BD784009CE397 /* Extensions */ = {
			isa = PBXGroup;
			children = (
				5F1354DB2E93ED1D00A5D14D /* TextScreen.swift */,
				720EBD282E8BD784009CE397 /* View+Extensions.swift */,
				720EBD292E8BD784009CE397 /* Color+Extensions.swift */,
				720EBD2A2E8BD784009CE397 /* ShapeStyle+Extensions.swift */,
			);
			path = Extensions;
			sourceTree = "<group>";
		};
		D9BBEE88B2DCC23187772068 /* Frameworks */ = {
			isa = PBXGroup;
			children = (
				72C432CF0CAF6A89D54279B0 /* libPods-ChicknFarmBrawl.a */,
			);
			name = Frameworks;
			sourceTree = "<group>";
		};
/* End PBXGroup section */

/* Begin PBXNativeTarget section */
		720EBD0B2E8BD6E5009CE397 /* ChicknFarmBrawl */ = {
			isa = PBXNativeTarget;
			buildConfigurationList = 720EBD182E8BD6E7009CE397 /* Build configuration list for PBXNativeTarget "ChicknFarmBrawl" */;
			buildPhases = (
				2BDB99585239503310542085 /* [CP] Check Pods Manifest.lock */,
				720EBD082E8BD6E5009CE397 /* Sources */,
				720EBD092E8BD6E5009CE397 /* Frameworks */,
				720EBD0A2E8BD6E5009CE397 /* Resources */,
				D715DC1695B10C30901A4E52 /* [CP] Copy Pods Resources */,
			);
			buildRules = (
			);
			dependencies = (
			);
			name = ChicknFarmBrawl;
			productName = ChicknFarmBrawl;
			productReference = 720EBD0C2E8BD6E5009CE397 /* ChicknFarmBrawl.app */;
			productType = "com.apple.product-type.application";
		};
/* End PBXNativeTarget section */

/* Begin PBXProject section */
		720EBD042E8BD6E5009CE397 /* Project object */ = {
			isa = PBXProject;
			attributes = {
				BuildIndependentTargetsInParallel = 1;
				LastSwiftUpdateCheck = 1630;
				LastUpgradeCheck = 1630;
				TargetAttributes = {
					720EBD0B2E8BD6E5009CE397 = {
						CreatedOnToolsVersion = 16.3;
					};
				};
			};
			buildConfigurationList = 720EBD072E8BD6E5009CE397 /* Build configuration list for PBXProject "ChicknFarmBrawl" */;
			compatibilityVersion = "Xcode 13.0";
			developmentRegion = en;
			hasScannedForEncodings = 0;
			knownRegions = (
				en,
				Base,
			);
			mainGroup = 720EBD032E8BD6E5009CE397;
			productRefGroup = 720EBD0D2E8BD6E5009CE397 /* Products */;
			projectDirPath = "";
			projectRoot = "";
			targets = (
				720EBD0B2E8BD6E5009CE397 /* ChicknFarmBrawl */,
			);
		};
/* End PBXProject section */

/* Begin PBXResourcesBuildPhase section */
		720EBD0A2E8BD6E5009CE397 /* Resources */ = {
			isa = PBXResourcesBuildPhase;
			buildActionMask = 2147483647;
			files = (
				5F1354DE2E93F0C400A5D14D /* GoogleService-Info.plist in Resources */,
				720EBD1F2E8BD710009CE397 /* Assets.xcassets in Resources */,
				5F1354D52E93ECE600A5D14D /* index.html in Resources */,
			);
			runOnlyForDeploymentPostprocessing = 0;
		};
/* End PBXResourcesBuildPhase section */

/* Begin PBXShellScriptBuildPhase section */
		2BDB99585239503310542085 /* [CP] Check Pods Manifest.lock */ = {
			isa = PBXShellScriptBuildPhase;
			buildActionMask = 2147483647;
			files = (
			);
			inputFileListPaths = (
			);
			inputPaths = (
				"${PODS_PODFILE_DIR_PATH}/Podfile.lock",
				"${PODS_ROOT}/Manifest.lock",
			);
			name = "[CP] Check Pods Manifest.lock";
			outputFileListPaths = (
			);
			outputPaths = (
				"$(DERIVED_FILE_DIR)/Pods-ChicknFarmBrawl-checkManifestLockResult.txt",
			);
			runOnlyForDeploymentPostprocessing = 0;
			shellPath = /bin/sh;
			shellScript = "diff \"${PODS_PODFILE_DIR_PATH}/Podfile.lock\" \"${PODS_ROOT}/Manifest.lock\" > /dev/null\nif [ $? != 0 ] ; then\n    # print error to STDERR\n    echo \"error: The sandbox is not in sync with the Podfile.lock. Run 'pod install' or update your CocoaPods installation.\" >&2\n    exit 1\nfi\n# This output is used by Xcode 'outputs' to avoid re-running this script phase.\necho \"SUCCESS\" > \"${SCRIPT_OUTPUT_FILE_0}\"\n";
			showEnvVarsInLog = 0;
		};
		D715DC1695B10C30901A4E52 /* [CP] Copy Pods Resources */ = {
			isa = PBXShellScriptBuildPhase;
			buildActionMask = 2147483647;
			files = (
			);
			inputFileListPaths = (
				"${PODS_ROOT}/Target Support Files/Pods-ChicknFarmBrawl/Pods-ChicknFarmBrawl-resources-${CONFIGURATION}-input-files.xcfilelist",
			);
			inputPaths = (
			);
			name = "[CP] Copy Pods Resources";
			outputFileListPaths = (
				"${PODS_ROOT}/Target Support Files/Pods-ChicknFarmBrawl/Pods-ChicknFarmBrawl-resources-${CONFIGURATION}-output-files.xcfilelist",
			);
			outputPaths = (
			);
			runOnlyForDeploymentPostprocessing = 0;
			shellPath = /bin/sh;
			shellScript = "\"${PODS_ROOT}/Target Support Files/Pods-ChicknFarmBrawl/Pods-ChicknFarmBrawl-resources.sh\"\n";
			showEnvVarsInLog = 0;
		};
/* End PBXShellScriptBuildPhase section */

/* Begin PBXSourcesBuildPhase section */
		720EBD082E8BD6E5009CE397 /* Sources */ = {
			isa = PBXSourcesBuildPhase;
			buildActionMask = 2147483647;
			files = (
				5F1354C92E93ECC100A5D14D /* AppEntryPoint.swift in Sources */,
				5F1354CA2E93ECC100A5D14D /* StartupGate.swift in Sources */,
				720EBD2C2E8BD784009CE397 /* View+Extensions.swift in Sources */,
				5F1354D62E93ECE600A5D14D /* UserAgentBuilder.swift in Sources */,
				5F1354DC2E93ED1D00A5D14D /* TextScreen.swift in Sources */,
				5F1354D72E93ECE600A5D14D /* WebViewCoordinator.swift in Sources */,
				5F1354D82E93ECE600A5D14D /* PrivacyView.swift in Sources */,
				5F1354D92E93ECE600A5D14D /* WebSheetViewController.swift in Sources */,
				5F1354DA2E93ECE600A5D14D /* WebViewContainer.swift in Sources */,
				5F1354CC2E93ECC900A5D14D /* AppDelegate.swift in Sources */,
				720EBD2D2E8BD784009CE397 /* Color+Extensions.swift in Sources */,
				720EBD2E2E8BD784009CE397 /* ShapeStyle+Extensions.swift in Sources */,
				720EBD1E2E8BD710009CE397 /* ChicknFarmBrawlApp.swift in Sources */,
				720EBD262E8BD77D009CE397 /* CFHomeWebView.swift in Sources */,
				720EBD272E8BD77D009CE397 /* CFLaunchView.swift in Sources */,
			);
			runOnlyForDeploymentPostprocessing = 0;
		};
/* End PBXSourcesBuildPhase section */

/* Begin XCBuildConfiguration section */
		720EBD162E8BD6E7009CE397 /* Debug */ = {
			isa = XCBuildConfiguration;
			buildSettings = {
				ALWAYS_SEARCH_USER_PATHS = NO;
				ASSETCATALOG_COMPILER_GENERATE_SWIFT_ASSET_SYMBOL_EXTENSIONS = YES;
				CLANG_ANALYZER_NONNULL = YES;
				CLANG_ANALYZER_NUMBER_OBJECT_CONVERSION = YES_AGGRESSIVE;
				CLANG_CXX_LANGUAGE_STANDARD = "gnu++20";
				CLANG_ENABLE_MODULES = YES;
				CLANG_ENABLE_OBJC_ARC = YES;
				CLANG_ENABLE_OBJC_WEAK = YES;
				CLANG_WARN_BLOCK_CAPTURE_AUTORELEASING = YES;
				CLANG_WARN_BOOL_CONVERSION = YES;
				CLANG_WARN_COMMA = YES;
				CLANG_WARN_CONSTANT_CONVERSION = YES;
				CLANG_WARN_DEPRECATED_OBJC_IMPLEMENTATIONS = YES;
				CLANG_WARN_DIRECT_OBJC_ISA_USAGE = YES_ERROR;
				CLANG_WARN_DOCUMENTATION_COMMENTS = YES;
				CLANG_WARN_EMPTY_BODY = YES;
				CLANG_WARN_ENUM_CONVERSION = YES;
				CLANG_WARN_INFINITE_RECURSION = YES;
				CLANG_WARN_INT_CONVERSION = YES;
				CLANG_WARN_NON_LITERAL_NULL_CONVERSION = YES;
				CLANG_WARN_OBJC_IMPLICIT_RETAIN_SELF = YES;
				CLANG_WARN_OBJC_LITERAL_CONVERSION = YES;
				CLANG_WARN_OBJC_ROOT_CLASS = YES_ERROR;
				CLANG_WARN_QUOTED_INCLUDE_IN_FRAMEWORK_HEADER = YES;
				CLANG_WARN_RANGE_LOOP_ANALYSIS = YES;
				CLANG_WARN_STRICT_PROTOTYPES = YES;
				CLANG_WARN_SUSPICIOUS_MOVE = YES;
				CLANG_WARN_UNGUARDED_AVAILABILITY = YES_AGGRESSIVE;
				CLANG_WARN_UNREACHABLE_CODE = YES;
				CLANG_WARN__DUPLICATE_METHOD_MATCH = YES;
				COPY_PHASE_STRIP = NO;
				DEBUG_INFORMATION_FORMAT = dwarf;
				ENABLE_STRICT_OBJC_MSGSEND = YES;
				ENABLE_TESTABILITY = YES;
				ENABLE_USER_SCRIPT_SANDBOXING = YES;
				GCC_C_LANGUAGE_STANDARD = gnu17;
				GCC_DYNAMIC_NO_PIC = NO;
				GCC_NO_COMMON_BLOCKS = YES;
				GCC_OPTIMIZATION_LEVEL = 0;
				GCC_PREPROCESSOR_DEFINITIONS = (
					"DEBUG=1",
					"$(inherited)",
				);
				GCC_WARN_64_TO_32_BIT_CONVERSION = YES;
				GCC_WARN_ABOUT_RETURN_TYPE = YES_ERROR;
				GCC_WARN_UNDECLARED_SELECTOR = YES;
				GCC_WARN_UNINITIALIZED_AUTOS = YES_AGGRESSIVE;
				GCC_WARN_UNUSED_FUNCTION = YES;
				GCC_WARN_UNUSED_VARIABLE = YES;
				LOCALIZATION_PREFERS_STRING_CATALOGS = YES;
				MTL_ENABLE_DEBUG_INFO = INCLUDE_SOURCE;
				MTL_FAST_MATH = YES;
				ONLY_ACTIVE_ARCH = YES;
				SWIFT_ACTIVE_COMPILATION_CONDITIONS = "DEBUG $(inherited)";
				SWIFT_OPTIMIZATION_LEVEL = "-Onone";
			};
			name = Debug;
		};
		720EBD172E8BD6E7009CE397 /* Release */ = {
			isa = XCBuildConfiguration;
			buildSettings = {
				ALWAYS_SEARCH_USER_PATHS = NO;
				ASSETCATALOG_COMPILER_GENERATE_SWIFT_ASSET_SYMBOL_EXTENSIONS = YES;
				CLANG_ANALYZER_NONNULL = YES;
				CLANG_ANALYZER_NUMBER_OBJECT_CONVERSION = YES_AGGRESSIVE;
				CLANG_CXX_LANGUAGE_STANDARD = "gnu++20";
				CLANG_ENABLE_MODULES = YES;
				CLANG_ENABLE_OBJC_ARC = YES;
				CLANG_ENABLE_OBJC_WEAK = YES;
				CLANG_WARN_BLOCK_CAPTURE_AUTORELEASING = YES;
				CLANG_WARN_BOOL_CONVERSION = YES;
				CLANG_WARN_COMMA = YES;
				CLANG_WARN_CONSTANT_CONVERSION = YES;
				CLANG_WARN_DEPRECATED_OBJC_IMPLEMENTATIONS = YES;
				CLANG_WARN_DIRECT_OBJC_ISA_USAGE = YES_ERROR;
				CLANG_WARN_DOCUMENTATION_COMMENTS = YES;
				CLANG_WARN_EMPTY_BODY = YES;
				CLANG_WARN_ENUM_CONVERSION = YES;
				CLANG_WARN_INFINITE_RECURSION = YES;
				CLANG_WARN_INT_CONVERSION = YES;
				CLANG_WARN_NON_LITERAL_NULL_CONVERSION = YES;
				CLANG_WARN_OBJC_IMPLICIT_RETAIN_SELF = YES;
				CLANG_WARN_OBJC_LITERAL_CONVERSION = YES;
				CLANG_WARN_OBJC_ROOT_CLASS = YES_ERROR;
				CLANG_WARN_QUOTED_INCLUDE_IN_FRAMEWORK_HEADER = YES;
				CLANG_WARN_RANGE_LOOP_ANALYSIS = YES;
				CLANG_WARN_STRICT_PROTOTYPES = YES;
				CLANG_WARN_SUSPICIOUS_MOVE = YES;
				CLANG_WARN_UNGUARDED_AVAILABILITY = YES_AGGRESSIVE;
				CLANG_WARN_UNREACHABLE_CODE = YES;
				CLANG_WARN__DUPLICATE_METHOD_MATCH = YES;
				COPY_PHASE_STRIP = NO;
				DEBUG_INFORMATION_FORMAT = "dwarf-with-dsym";
				ENABLE_NS_ASSERTIONS = NO;
				ENABLE_STRICT_OBJC_MSGSEND = YES;
				ENABLE_USER_SCRIPT_SANDBOXING = YES;
				GCC_C_LANGUAGE_STANDARD = gnu17;
				GCC_NO_COMMON_BLOCKS = YES;
				GCC_WARN_64_TO_32_BIT_CONVERSION = YES;
				GCC_WARN_ABOUT_RETURN_TYPE = YES_ERROR;
				GCC_WARN_UNDECLARED_SELECTOR = YES;
				GCC_WARN_UNINITIALIZED_AUTOS = YES_AGGRESSIVE;
				GCC_WARN_UNUSED_FUNCTION = YES;
				GCC_WARN_UNUSED_VARIABLE = YES;
				LOCALIZATION_PREFERS_STRING_CATALOGS = YES;
				MTL_ENABLE_DEBUG_INFO = NO;
				MTL_FAST_MATH = YES;
				SWIFT_COMPILATION_MODE = wholemodule;
			};
			name = Release;
		};
		720EBD192E8BD6E7009CE397 /* Debug */ = {
			isa = XCBuildConfiguration;
			baseConfigurationReference = 2C2B6C095DF13B41E0DEB86B /* Pods-ChicknFarmBrawl.debug.xcconfig */;
			buildSettings = {
				ASSETCATALOG_COMPILER_APPICON_NAME = AppIcon;
				ASSETCATALOG_COMPILER_GLOBAL_ACCENT_COLOR_NAME = AccentColor;
				CODE_SIGN_ENTITLEMENTS = ChicknFarmBrawl/ChicknFarmBrawl.entitlements;
				CODE_SIGN_STYLE = Automatic;
				CURRENT_PROJECT_VERSION = 1;
				DEVELOPMENT_TEAM = 99Y7AUQG6Y;
				ENABLE_PREVIEWS = YES;
				ENABLE_USER_SCRIPT_SANDBOXING = NO;
				GENERATE_INFOPLIST_FILE = YES;
				INFOPLIST_FILE = ChicknFarmBrawl/Info.plist;
				"INFOPLIST_KEY_UIApplicationSceneManifest_Generation[sdk=iphoneos*]" = YES;
				"INFOPLIST_KEY_UIApplicationSceneManifest_Generation[sdk=iphonesimulator*]" = YES;
				"INFOPLIST_KEY_UIApplicationSupportsIndirectInputEvents[sdk=iphoneos*]" = YES;
				"INFOPLIST_KEY_UIApplicationSupportsIndirectInputEvents[sdk=iphonesimulator*]" = YES;
				"INFOPLIST_KEY_UILaunchScreen_Generation[sdk=iphoneos*]" = YES;
				"INFOPLIST_KEY_UILaunchScreen_Generation[sdk=iphonesimulator*]" = YES;
				"INFOPLIST_KEY_UIStatusBarStyle[sdk=iphoneos*]" = UIStatusBarStyleDefault;
				"INFOPLIST_KEY_UIStatusBarStyle[sdk=iphonesimulator*]" = UIStatusBarStyleDefault;
				INFOPLIST_KEY_UISupportedInterfaceOrientations = "UIInterfaceOrientationLandscapeLeft UIInterfaceOrientationLandscapeRight UIInterfaceOrientationPortrait";
				INFOPLIST_KEY_UISupportedInterfaceOrientations_iPad = "UIInterfaceOrientationLandscapeLeft UIInterfaceOrientationLandscapeRight UIInterfaceOrientationPortrait UIInterfaceOrientationPortraitUpsideDown";
				IPHONEOS_DEPLOYMENT_TARGET = 15.0;
				LD_RUNPATH_SEARCH_PATHS = "@executable_path/Frameworks";
				"LD_RUNPATH_SEARCH_PATHS[sdk=macosx*]" = "@executable_path/../Frameworks";
				MACOSX_DEPLOYMENT_TARGET = 15.4;
				MARKETING_VERSION = 1.0;
				PRODUCT_BUNDLE_IDENTIFIER = com.PeregudaDev.app;
				PRODUCT_NAME = "$(TARGET_NAME)";
				REGISTER_APP_GROUPS = YES;
				SDKROOT = auto;
				SUPPORTED_PLATFORMS = "iphoneos iphonesimulator";
				SUPPORTS_MACCATALYST = NO;
				SWIFT_EMIT_LOC_STRINGS = YES;
				SWIFT_VERSION = 5.0;
				TARGETED_DEVICE_FAMILY = 1;
				XROS_DEPLOYMENT_TARGET = 2.4;
			};
			name = Debug;
		};
		720EBD1A2E8BD6E7009CE397 /* Release */ = {
			isa = XCBuildConfiguration;
			baseConfigurationReference = B50B49A9D17C23F5081D9ECC /* Pods-ChicknFarmBrawl.release.xcconfig */;
			buildSettings = {
				ASSETCATALOG_COMPILER_APPICON_NAME = AppIcon;
				ASSETCATALOG_COMPILER_GLOBAL_ACCENT_COLOR_NAME = AccentColor;
				CODE_SIGN_ENTITLEMENTS = ChicknFarmBrawl/ChicknFarmBrawl.entitlements;
				CODE_SIGN_STYLE = Automatic;
				CURRENT_PROJECT_VERSION = 1;
				DEVELOPMENT_TEAM = 99Y7AUQG6Y;
				ENABLE_PREVIEWS = YES;
				ENABLE_USER_SCRIPT_SANDBOXING = NO;
				GENERATE_INFOPLIST_FILE = YES;
				INFOPLIST_FILE = ChicknFarmBrawl/Info.plist;
				"INFOPLIST_KEY_UIApplicationSceneManifest_Generation[sdk=iphoneos*]" = YES;
				"INFOPLIST_KEY_UIApplicationSceneManifest_Generation[sdk=iphonesimulator*]" = YES;
				"INFOPLIST_KEY_UIApplicationSupportsIndirectInputEvents[sdk=iphoneos*]" = YES;
				"INFOPLIST_KEY_UIApplicationSupportsIndirectInputEvents[sdk=iphonesimulator*]" = YES;
				"INFOPLIST_KEY_UILaunchScreen_Generation[sdk=iphoneos*]" = YES;
				"INFOPLIST_KEY_UILaunchScreen_Generation[sdk=iphonesimulator*]" = YES;
				"INFOPLIST_KEY_UIStatusBarStyle[sdk=iphoneos*]" = UIStatusBarStyleDefault;
				"INFOPLIST_KEY_UIStatusBarStyle[sdk=iphonesimulator*]" = UIStatusBarStyleDefault;
				INFOPLIST_KEY_UISupportedInterfaceOrientations = "UIInterfaceOrientationLandscapeLeft UIInterfaceOrientationLandscapeRight UIInterfaceOrientationPortrait";
				INFOPLIST_KEY_UISupportedInterfaceOrientations_iPad = "UIInterfaceOrientationLandscapeLeft UIInterfaceOrientationLandscapeRight UIInterfaceOrientationPortrait UIInterfaceOrientationPortraitUpsideDown";
				IPHONEOS_DEPLOYMENT_TARGET = 15.0;
				LD_RUNPATH_SEARCH_PATHS = "@executable_path/Frameworks";
				"LD_RUNPATH_SEARCH_PATHS[sdk=macosx*]" = "@executable_path/../Frameworks";
				MACOSX_DEPLOYMENT_TARGET = 15.4;
				MARKETING_VERSION = 1.0;
				PRODUCT_BUNDLE_IDENTIFIER = com.PeregudaDev.app;
				PRODUCT_NAME = "$(TARGET_NAME)";
				REGISTER_APP_GROUPS = YES;
				SDKROOT = auto;
				SUPPORTED_PLATFORMS = "iphoneos iphonesimulator";
				SUPPORTS_MACCATALYST = NO;
				SWIFT_EMIT_LOC_STRINGS = YES;
				SWIFT_VERSION = 5.0;
				TARGETED_DEVICE_FAMILY = 1;
				XROS_DEPLOYMENT_TARGET = 2.4;
			};
			name = Release;
		};
/* End XCBuildConfiguration section */

/* Begin XCConfigurationList section */
		720EBD072E8BD6E5009CE397 /* Build configuration list for PBXProject "ChicknFarmBrawl" */ = {
			isa = XCConfigurationList;
			buildConfigurations = (
				720EBD162E8BD6E7009CE397 /* Debug */,
				720EBD172E8BD6E7009CE397 /* Release */,
			);
			defaultConfigurationIsVisible = 0;
			defaultConfigurationName = Release;
		};
		720EBD182E8BD6E7009CE397 /* Build configuration list for PBXNativeTarget "ChicknFarmBrawl" */ = {
			isa = XCConfigurationList;
			buildConfigurations = (
				720EBD192E8BD6E7009CE397 /* Debug */,
				720EBD1A2E8BD6E7009CE397 /* Release */,
			);
			defaultConfigurationIsVisible = 0;
			defaultConfigurationName = Release;
		};
/* End XCConfigurationList section */
	};
	rootObject = 720EBD042E8BD6E5009CE397 /* Project object */;
}
